// !$*UTF8*$!
{
	archiveVersion = 1;
	classes = {
	};
	objectVersion = 56;
	objects = {

/* Begin PBXBuildFile section */
		788A1CB12ADC5DD800CE6CB9 /* main.c in Sources */ = {isa = PBXBuildFile; fileRef = 788A1CB02ADC5DD800CE6CB9 /* main.c */; };
		788D95302ADD780A00EDB8C7 /* crc.c in Sources */ = {isa = PBXBuildFile; fileRef = 788D952B2ADD780A00EDB8C7 /* crc.c */; };
		788D95312ADD780A00EDB8C7 /* commands.c in Sources */ = {isa = PBXBuildFile; fileRef = 788D952C2ADD780A00EDB8C7 /* commands.c */; };
		788D95362ADD84D700EDB8C7 /* packet.c in Sources */ = {isa = PBXBuildFile; fileRef = 788D95352ADD84D700EDB8C7 /* packet.c */; };
		788D95382ADD88F000EDB8C7 /* vesc_interface.c in Sources */ = {isa = PBXBuildFile; fileRef = 788D95372ADD88F000EDB8C7 /* vesc_interface.c */; };
		788D953B2ADDC0A300EDB8C7 /* buffer.c in Sources */ = {isa = PBXBuildFile; fileRef = 788D953A2ADDC0A300EDB8C7 /* buffer.c */; };
		788D95402ADF01DA00EDB8C7 /* confgenerator.c in Sources */ = {isa = PBXBuildFile; fileRef = 788D953D2ADF01DA00EDB8C7 /* confgenerator.c */; };
		788D95412ADF01DA00EDB8C7 /* conf_general.c in Sources */ = {isa = PBXBuildFile; fileRef = 788D953F2ADF01DA00EDB8C7 /* conf_general.c */; };
		788D95462ADF0B4A00EDB8C7 /* mempools.c in Sources */ = {isa = PBXBuildFile; fileRef = 788D95442ADF0B4900EDB8C7 /* mempools.c */; };
		788D95492ADF0EA900EDB8C7 /* hw.c in Sources */ = {isa = PBXBuildFile; fileRef = 788D95472ADF0EA900EDB8C7 /* hw.c */; };
		788D95502ADF395800EDB8C7 /* utils.c in Sources */ = {isa = PBXBuildFile; fileRef = 788D954E2ADF395800EDB8C7 /* utils.c */; };
		788D95562AE065C100EDB8C7 /* app.c in Sources */ = {isa = PBXBuildFile; fileRef = 788D95542AE065C100EDB8C7 /* app.c */; };
		788D955B2AE06E1800EDB8C7 /* hwconf in Sources */ = {isa = PBXBuildFile; fileRef = 788D955A2AE06D5800EDB8C7 /* hwconf */; };
/* End PBXBuildFile section */

/* Begin PBXCopyFilesBuildPhase section */
		788A1CAB2ADC5DD800CE6CB9 /* CopyFiles */ = {
			isa = PBXCopyFilesBuildPhase;
			buildActionMask = 2147483647;
			dstPath = /usr/share/man/man1/;
			dstSubfolderSpec = 0;
			files = (
			);
			runOnlyForDeploymentPostprocessing = 1;
		};
/* End PBXCopyFilesBuildPhase section */

/* Begin PBXFileReference section */
		788A1CAD2ADC5DD800CE6CB9 /* vesc-emulator */ = {isa = PBXFileReference; explicitFileType = "compiled.mach-o.executable"; includeInIndex = 0; path = "vesc-emulator"; sourceTree = BUILT_PRODUCTS_DIR; };
		788A1CB02ADC5DD800CE6CB9 /* main.c */ = {isa = PBXFileReference; lastKnownFileType = sourcecode.c.c; path = main.c; sourceTree = "<group>"; };
		788D952B2ADD780A00EDB8C7 /* crc.c */ = {isa = PBXFileReference; fileEncoding = 4; lastKnownFileType = sourcecode.c.c; path = crc.c; sourceTree = "<group>"; };
		788D952C2ADD780A00EDB8C7 /* commands.c */ = {isa = PBXFileReference; fileEncoding = 4; lastKnownFileType = sourcecode.c.c; path = commands.c; sourceTree = "<group>"; };
		788D952D2ADD780A00EDB8C7 /* datatypes.h */ = {isa = PBXFileReference; fileEncoding = 4; lastKnownFileType = sourcecode.c.h; path = datatypes.h; sourceTree = "<group>"; };
		788D952E2ADD780A00EDB8C7 /* commands.h */ = {isa = PBXFileReference; fileEncoding = 4; lastKnownFileType = sourcecode.c.h; path = commands.h; sourceTree = "<group>"; };
		788D952F2ADD780A00EDB8C7 /* crc.h */ = {isa = PBXFileReference; fileEncoding = 4; lastKnownFileType = sourcecode.c.h; path = crc.h; sourceTree = "<group>"; };
		788D95322ADD7B1300EDB8C7 /* vesc_interface.h */ = {isa = PBXFileReference; lastKnownFileType = sourcecode.c.h; path = vesc_interface.h; sourceTree = "<group>"; };
		788D95342ADD84D700EDB8C7 /* packet.h */ = {isa = PBXFileReference; fileEncoding = 4; lastKnownFileType = sourcecode.c.h; path = packet.h; sourceTree = "<group>"; };
		788D95352ADD84D700EDB8C7 /* packet.c */ = {isa = PBXFileReference; fileEncoding = 4; lastKnownFileType = sourcecode.c.c; path = packet.c; sourceTree = "<group>"; };
		788D95372ADD88F000EDB8C7 /* vesc_interface.c */ = {isa = PBXFileReference; lastKnownFileType = sourcecode.c.c; path = vesc_interface.c; sourceTree = "<group>"; };
		788D95392ADDC0A300EDB8C7 /* buffer.h */ = {isa = PBXFileReference; fileEncoding = 4; lastKnownFileType = sourcecode.c.h; path = buffer.h; sourceTree = "<group>"; };
		788D953A2ADDC0A300EDB8C7 /* buffer.c */ = {isa = PBXFileReference; fileEncoding = 4; lastKnownFileType = sourcecode.c.c; path = buffer.c; sourceTree = "<group>"; };
		788D953C2ADF01D900EDB8C7 /* conf_general.h */ = {isa = PBXFileReference; fileEncoding = 4; lastKnownFileType = sourcecode.c.h; path = conf_general.h; sourceTree = "<group>"; };
		788D953D2ADF01DA00EDB8C7 /* confgenerator.c */ = {isa = PBXFileReference; fileEncoding = 4; lastKnownFileType = sourcecode.c.c; path = confgenerator.c; sourceTree = "<group>"; };
		788D953E2ADF01DA00EDB8C7 /* confgenerator.h */ = {isa = PBXFileReference; fileEncoding = 4; lastKnownFileType = sourcecode.c.h; path = confgenerator.h; sourceTree = "<group>"; };
		788D953F2ADF01DA00EDB8C7 /* conf_general.c */ = {isa = PBXFileReference; fileEncoding = 4; lastKnownFileType = sourcecode.c.c; path = conf_general.c; sourceTree = "<group>"; };
		788D95442ADF0B4900EDB8C7 /* mempools.c */ = {isa = PBXFileReference; fileEncoding = 4; lastKnownFileType = sourcecode.c.c; path = mempools.c; sourceTree = "<group>"; };
		788D95452ADF0B4900EDB8C7 /* mempools.h */ = {isa = PBXFileReference; fileEncoding = 4; lastKnownFileType = sourcecode.c.h; path = mempools.h; sourceTree = "<group>"; };
		788D95472ADF0EA900EDB8C7 /* hw.c */ = {isa = PBXFileReference; fileEncoding = 4; lastKnownFileType = sourcecode.c.c; path = hw.c; sourceTree = "<group>"; };
		788D95482ADF0EA900EDB8C7 /* hw.h */ = {isa = PBXFileReference; fileEncoding = 4; lastKnownFileType = sourcecode.c.h; path = hw.h; sourceTree = "<group>"; };
		788D954A2ADF34CB00EDB8C7 /* appconf_custom.h */ = {isa = PBXFileReference; lastKnownFileType = sourcecode.c.h; path = appconf_custom.h; sourceTree = "<group>"; };
		788D954B2ADF34D000EDB8C7 /* appconf_default.h */ = {isa = PBXFileReference; lastKnownFileType = sourcecode.c.h; path = appconf_default.h; sourceTree = "<group>"; };
		788D954C2ADF350200EDB8C7 /* mcconf_default.h */ = {isa = PBXFileReference; fileEncoding = 4; lastKnownFileType = sourcecode.c.h; path = mcconf_default.h; sourceTree = "<group>"; };
		788D954D2ADF395800EDB8C7 /* utils.h */ = {isa = PBXFileReference; fileEncoding = 4; lastKnownFileType = sourcecode.c.h; path = utils.h; sourceTree = "<group>"; };
		788D954E2ADF395800EDB8C7 /* utils.c */ = {isa = PBXFileReference; fileEncoding = 4; lastKnownFileType = sourcecode.c.c; path = utils.c; sourceTree = "<group>"; };
		788D954F2ADF395800EDB8C7 /* stm32f4xx_conf.h */ = {isa = PBXFileReference; fileEncoding = 4; lastKnownFileType = sourcecode.c.h; path = stm32f4xx_conf.h; sourceTree = "<group>"; };
		788D95542AE065C100EDB8C7 /* app.c */ = {isa = PBXFileReference; fileEncoding = 4; lastKnownFileType = sourcecode.c.c; path = app.c; sourceTree = "<group>"; };
		788D95552AE065C100EDB8C7 /* app.h */ = {isa = PBXFileReference; fileEncoding = 4; lastKnownFileType = sourcecode.c.h; path = app.h; sourceTree = "<group>"; };
		788D955A2AE06D5800EDB8C7 /* hwconf */ = {isa = PBXFileReference; lastKnownFileType = folder; path = hwconf; sourceTree = "<group>"; };
/* End PBXFileReference section */

/* Begin PBXFrameworksBuildPhase section */
		788A1CAA2ADC5DD800CE6CB9 /* Frameworks */ = {
			isa = PBXFrameworksBuildPhase;
			buildActionMask = 2147483647;
			files = (
			);
			runOnlyForDeploymentPostprocessing = 0;
		};
/* End PBXFrameworksBuildPhase section */

/* Begin PBXGroup section */
		788A1CA42ADC5DD800CE6CB9 = {
			isa = PBXGroup;
			children = (
				788A1CAF2ADC5DD800CE6CB9 /* vesc-emulator */,
				788A1CAE2ADC5DD800CE6CB9 /* Products */,
			);
			sourceTree = "<group>";
		};
		788A1CAE2ADC5DD800CE6CB9 /* Products */ = {
			isa = PBXGroup;
			children = (
				788A1CAD2ADC5DD800CE6CB9 /* vesc-emulator */,
			);
			name = Products;
			sourceTree = "<group>";
		};
		788A1CAF2ADC5DD800CE6CB9 /* vesc-emulator */ = {
			isa = PBXGroup;
			children = (
				788D955A2AE06D5800EDB8C7 /* hwconf */,
				788D95542AE065C100EDB8C7 /* app.c */,
				788D95552AE065C100EDB8C7 /* app.h */,
				788D954F2ADF395800EDB8C7 /* stm32f4xx_conf.h */,
				788D954E2ADF395800EDB8C7 /* utils.c */,
				788D954D2ADF395800EDB8C7 /* utils.h */,
				788D954C2ADF350200EDB8C7 /* mcconf_default.h */,
				788D954B2ADF34D000EDB8C7 /* appconf_default.h */,
				788D954A2ADF34CB00EDB8C7 /* appconf_custom.h */,
				788D95472ADF0EA900EDB8C7 /* hw.c */,
				788D95482ADF0EA900EDB8C7 /* hw.h */,
				788D953F2ADF01DA00EDB8C7 /* conf_general.c */,
				788D953C2ADF01D900EDB8C7 /* conf_general.h */,
				788D953D2ADF01DA00EDB8C7 /* confgenerator.c */,
				788D953E2ADF01DA00EDB8C7 /* confgenerator.h */,
				788D953A2ADDC0A300EDB8C7 /* buffer.c */,
				788D95392ADDC0A300EDB8C7 /* buffer.h */,
				788D95352ADD84D700EDB8C7 /* packet.c */,
				788D95342ADD84D700EDB8C7 /* packet.h */,
				788A1CB02ADC5DD800CE6CB9 /* main.c */,
				788D95442ADF0B4900EDB8C7 /* mempools.c */,
				788D95452ADF0B4900EDB8C7 /* mempools.h */,
				788D952C2ADD780A00EDB8C7 /* commands.c */,
				788D952E2ADD780A00EDB8C7 /* commands.h */,
				788D952B2ADD780A00EDB8C7 /* crc.c */,
				788D952F2ADD780A00EDB8C7 /* crc.h */,
				788D952D2ADD780A00EDB8C7 /* datatypes.h */,
				788D95322ADD7B1300EDB8C7 /* vesc_interface.h */,
				788D95372ADD88F000EDB8C7 /* vesc_interface.c */,
			);
			path = "vesc-emulator";
			sourceTree = "<group>";
		};
/* End PBXGroup section */

/* Begin PBXNativeTarget section */
		788A1CAC2ADC5DD800CE6CB9 /* vesc-emulator */ = {
			isa = PBXNativeTarget;
			buildConfigurationList = 788A1CB42ADC5DD800CE6CB9 /* Build configuration list for PBXNativeTarget "vesc-emulator" */;
			buildPhases = (
				788A1CA92ADC5DD800CE6CB9 /* Sources */,
				788A1CAA2ADC5DD800CE6CB9 /* Frameworks */,
				788A1CAB2ADC5DD800CE6CB9 /* CopyFiles */,
			);
			buildRules = (
			);
			dependencies = (
			);
			name = "vesc-emulator";
			productName = "vesc-emulator";
			productReference = 788A1CAD2ADC5DD800CE6CB9 /* vesc-emulator */;
			productType = "com.apple.product-type.tool";
		};
/* End PBXNativeTarget section */

/* Begin PBXProject section */
		788A1CA52ADC5DD800CE6CB9 /* Project object */ = {
			isa = PBXProject;
			attributes = {
				BuildIndependentTargetsInParallel = 1;
				LastUpgradeCheck = 1430;
				TargetAttributes = {
					788A1CAC2ADC5DD800CE6CB9 = {
						CreatedOnToolsVersion = 14.3.1;
					};
				};
			};
			buildConfigurationList = 788A1CA82ADC5DD800CE6CB9 /* Build configuration list for PBXProject "vesc-emulator" */;
			compatibilityVersion = "Xcode 14.0";
			developmentRegion = en;
			hasScannedForEncodings = 0;
			knownRegions = (
				en,
				Base,
			);
			mainGroup = 788A1CA42ADC5DD800CE6CB9;
			productRefGroup = 788A1CAE2ADC5DD800CE6CB9 /* Products */;
			projectDirPath = "";
			projectRoot = "";
			targets = (
				788A1CAC2ADC5DD800CE6CB9 /* vesc-emulator */,
			);
		};
/* End PBXProject section */

/* Begin PBXSourcesBuildPhase section */
		788A1CA92ADC5DD800CE6CB9 /* Sources */ = {
			isa = PBXSourcesBuildPhase;
			buildActionMask = 2147483647;
			files = (
				788D955B2AE06E1800EDB8C7 /* hwconf in Sources */,
				788D95302ADD780A00EDB8C7 /* crc.c in Sources */,
				788D953B2ADDC0A300EDB8C7 /* buffer.c in Sources */,
				788D95462ADF0B4A00EDB8C7 /* mempools.c in Sources */,
				788D95412ADF01DA00EDB8C7 /* conf_general.c in Sources */,
				788D95382ADD88F000EDB8C7 /* vesc_interface.c in Sources */,
				788D95362ADD84D700EDB8C7 /* packet.c in Sources */,
				788D95402ADF01DA00EDB8C7 /* confgenerator.c in Sources */,
				788D95562AE065C100EDB8C7 /* app.c in Sources */,
				788A1CB12ADC5DD800CE6CB9 /* main.c in Sources */,
				788D95492ADF0EA900EDB8C7 /* hw.c in Sources */,
				788D95312ADD780A00EDB8C7 /* commands.c in Sources */,
				788D95502ADF395800EDB8C7 /* utils.c in Sources */,
			);
			runOnlyForDeploymentPostprocessing = 0;
		};
/* End PBXSourcesBuildPhase section */

/* Begin XCBuildConfiguration section */
		788A1CB22ADC5DD800CE6CB9 /* Debug */ = {
			isa = XCBuildConfiguration;
			buildSettings = {
				ALWAYS_SEARCH_USER_PATHS = NO;
				CLANG_ANALYZER_NONNULL = YES;
				CLANG_ANALYZER_NUMBER_OBJECT_CONVERSION = YES_AGGRESSIVE;
				CLANG_CXX_LANGUAGE_STANDARD = "gnu++20";
				CLANG_ENABLE_MODULES = YES;
				CLANG_ENABLE_OBJC_ARC = YES;
				CLANG_ENABLE_OBJC_WEAK = YES;
				CLANG_WARN_BLOCK_CAPTURE_AUTORELEASING = YES;
				CLANG_WARN_BOOL_CONVERSION = YES;
				CLANG_WARN_COMMA = YES;
				CLANG_WARN_CONSTANT_CONVERSION = YES;
				CLANG_WARN_DEPRECATED_OBJC_IMPLEMENTATIONS = YES;
				CLANG_WARN_DIRECT_OBJC_ISA_USAGE = YES_ERROR;
				CLANG_WARN_DOCUMENTATION_COMMENTS = YES;
				CLANG_WARN_EMPTY_BODY = YES;
				CLANG_WARN_ENUM_CONVERSION = YES;
				CLANG_WARN_INFINITE_RECURSION = YES;
				CLANG_WARN_INT_CONVERSION = YES;
				CLANG_WARN_NON_LITERAL_NULL_CONVERSION = YES;
				CLANG_WARN_OBJC_IMPLICIT_RETAIN_SELF = YES;
				CLANG_WARN_OBJC_LITERAL_CONVERSION = YES;
				CLANG_WARN_OBJC_ROOT_CLASS = YES_ERROR;
				CLANG_WARN_QUOTED_INCLUDE_IN_FRAMEWORK_HEADER = YES;
				CLANG_WARN_RANGE_LOOP_ANALYSIS = YES;
				CLANG_WARN_STRICT_PROTOTYPES = YES;
				CLANG_WARN_SUSPICIOUS_MOVE = YES;
				CLANG_WARN_UNGUARDED_AVAILABILITY = YES_AGGRESSIVE;
				CLANG_WARN_UNREACHABLE_CODE = YES;
				CLANG_WARN__DUPLICATE_METHOD_MATCH = YES;
				COPY_PHASE_STRIP = NO;
				DEBUG_INFORMATION_FORMAT = dwarf;
				ENABLE_STRICT_OBJC_MSGSEND = YES;
				ENABLE_TESTABILITY = YES;
				GCC_C_LANGUAGE_STANDARD = gnu11;
				GCC_DYNAMIC_NO_PIC = NO;
				GCC_NO_COMMON_BLOCKS = YES;
				GCC_OPTIMIZATION_LEVEL = 0;
				GCC_PREPROCESSOR_DEFINITIONS = (
					"DEBUG=1",
					"$(inherited)",
				);
				GCC_WARN_64_TO_32_BIT_CONVERSION = YES;
				GCC_WARN_ABOUT_RETURN_TYPE = YES_ERROR;
				GCC_WARN_UNDECLARED_SELECTOR = YES;
				GCC_WARN_UNINITIALIZED_AUTOS = YES_AGGRESSIVE;
				GCC_WARN_UNUSED_FUNCTION = YES;
				GCC_WARN_UNUSED_VARIABLE = YES;
				MACOSX_DEPLOYMENT_TARGET = 13.3;
				MTL_ENABLE_DEBUG_INFO = INCLUDE_SOURCE;
				MTL_FAST_MATH = YES;
				ONLY_ACTIVE_ARCH = YES;
				SDKROOT = macosx;
			};
			name = Debug;
		};
		788A1CB32ADC5DD800CE6CB9 /* Release */ = {
			isa = XCBuildConfiguration;
			buildSettings = {
				ALWAYS_SEARCH_USER_PATHS = NO;
				CLANG_ANALYZER_NONNULL = YES;
				CLANG_ANALYZER_NUMBER_OBJECT_CONVERSION = YES_AGGRESSIVE;
				CLANG_CXX_LANGUAGE_STANDARD = "gnu++20";
				CLANG_ENABLE_MODULES = YES;
				CLANG_ENABLE_OBJC_ARC = YES;
				CLANG_ENABLE_OBJC_WEAK = YES;
				CLANG_WARN_BLOCK_CAPTURE_AUTORELEASING = YES;
				CLANG_WARN_BOOL_CONVERSION = YES;
				CLANG_WARN_COMMA = YES;
				CLANG_WARN_CONSTANT_CONVERSION = YES;
				CLANG_WARN_DEPRECATED_OBJC_IMPLEMENTATIONS = YES;
				CLANG_WARN_DIRECT_OBJC_ISA_USAGE = YES_ERROR;
				CLANG_WARN_DOCUMENTATION_COMMENTS = YES;
				CLANG_WARN_EMPTY_BODY = YES;
				CLANG_WARN_ENUM_CONVERSION = YES;
				CLANG_WARN_INFINITE_RECURSION = YES;
				CLANG_WARN_INT_CONVERSION = YES;
				CLANG_WARN_NON_LITERAL_NULL_CONVERSION = YES;
				CLANG_WARN_OBJC_IMPLICIT_RETAIN_SELF = YES;
				CLANG_WARN_OBJC_LITERAL_CONVERSION = YES;
				CLANG_WARN_OBJC_ROOT_CLASS = YES_ERROR;
				CLANG_WARN_QUOTED_INCLUDE_IN_FRAMEWORK_HEADER = YES;
				CLANG_WARN_RANGE_LOOP_ANALYSIS = YES;
				CLANG_WARN_STRICT_PROTOTYPES = YES;
				CLANG_WARN_SUSPICIOUS_MOVE = YES;
				CLANG_WARN_UNGUARDED_AVAILABILITY = YES_AGGRESSIVE;
				CLANG_WARN_UNREACHABLE_CODE = YES;
				CLANG_WARN__DUPLICATE_METHOD_MATCH = YES;
				COPY_PHASE_STRIP = NO;
				DEBUG_INFORMATION_FORMAT = "dwarf-with-dsym";
				ENABLE_NS_ASSERTIONS = NO;
				ENABLE_STRICT_OBJC_MSGSEND = YES;
				GCC_C_LANGUAGE_STANDARD = gnu11;
				GCC_NO_COMMON_BLOCKS = YES;
				GCC_WARN_64_TO_32_BIT_CONVERSION = YES;
				GCC_WARN_ABOUT_RETURN_TYPE = YES_ERROR;
				GCC_WARN_UNDECLARED_SELECTOR = YES;
				GCC_WARN_UNINITIALIZED_AUTOS = YES_AGGRESSIVE;
				GCC_WARN_UNUSED_FUNCTION = YES;
				GCC_WARN_UNUSED_VARIABLE = YES;
				MACOSX_DEPLOYMENT_TARGET = 13.3;
				MTL_ENABLE_DEBUG_INFO = NO;
				MTL_FAST_MATH = YES;
				SDKROOT = macosx;
			};
			name = Release;
		};
		788A1CB52ADC5DD800CE6CB9 /* Debug */ = {
			isa = XCBuildConfiguration;
			buildSettings = {
				"CODE_SIGN_IDENTITY[sdk=macosx*]" = "-";
				CODE_SIGN_STYLE = Manual;
				DEVELOPMENT_TEAM = "";
				ENABLE_HARDENED_RUNTIME = YES;
				PRODUCT_NAME = "$(TARGET_NAME)";
				PROVISIONING_PROFILE_SPECIFIER = "";
			};
			name = Debug;
		};
		788A1CB62ADC5DD800CE6CB9 /* Release */ = {
			isa = XCBuildConfiguration;
			buildSettings = {
				CODE_SIGN_STYLE = Automatic;
				DEVELOPMENT_TEAM = 3928855QT9;
				ENABLE_HARDENED_RUNTIME = YES;
				PRODUCT_NAME = "$(TARGET_NAME)";
			};
			name = Release;
		};
/* End XCBuildConfiguration section */

/* Begin XCConfigurationList section */
		788A1CA82ADC5DD800CE6CB9 /* Build configuration list for PBXProject "vesc-emulator" */ = {
			isa = XCConfigurationList;
			buildConfigurations = (
				788A1CB22ADC5DD800CE6CB9 /* Debug */,
				788A1CB32ADC5DD800CE6CB9 /* Release */,
			);
			defaultConfigurationIsVisible = 0;
			defaultConfigurationName = Debug;
		};
		788A1CB42ADC5DD800CE6CB9 /* Build configuration list for PBXNativeTarget "vesc-emulator" */ = {
			isa = XCConfigurationList;
			buildConfigurations = (
				788A1CB52ADC5DD800CE6CB9 /* Debug */,
				788A1CB62ADC5DD800CE6CB9 /* Release */,
			);
			defaultConfigurationIsVisible = 0;
			defaultConfigurationName = Debug;
		};
/* End XCConfigurationList section */
	};
	rootObject = 788A1CA52ADC5DD800CE6CB9 /* Project object */;
}
